
Microsoft Visual Studio Solution File, Format Version 12.00
# Visual Studio Version 17
VisualStudioVersion = 17.11.35219.272
MinimumVisualStudioVersion = 10.0.40219.1
Project("{FAE04EC0-301F-11D3-BF4B-00C04F79EFBC}") = "asp_gpt", "asp_gpt.csproj", "{F71DB27B-4B6F-4735-A687-D77D55A4507E}"
EndProject
Global
	GlobalSection(SolutionConfigurationPlatforms) = preSolution
		Debug|Any CPU = Debug|Any CPU
		Release|Any CPU = Release|Any CPU
	EndGlobalSection
	GlobalSection(ProjectConfigurationPlatforms) = postSolution
		{F71DB27B-4B6F-4735-A687-D77D55A4507E}.Debug|Any CPU.ActiveCfg = Debug|Any CPU
		{F71DB27B-4B6F-4735-A687-D77D55A4507E}.Debug|Any CPU.Build.0 = Debug|Any CPU
		{F71DB27B-4B6F-4735-A687-D77D55A4507E}.Release|Any CPU.ActiveCfg = Release|Any CPU
		{F71DB27B-4B6F-4735-A687-D77D55A4507E}.Release|Any CPU.Build.0 = Release|Any CPU
	EndGlobalSection
	GlobalSection(SolutionProperties) = preSolution
		HideSolutionNode = FALSE
	EndGlobalSection
	GlobalSection(ExtensibilityGlobals) = postSolution
		SolutionGuid = {8CC79C28-F755-43A8-AC14-2B2F93C2DCF3}
	EndGlobalSection
EndGlobal
